{
  "name": "smarty-admin",
  "version": "1.0.0",
  "lockfileVersion": 3,
  "requires": true,
  "packages": {
    "": {
      "name": "smarty-admin",
      "version": "1.0.0",
      "license": "ISC",
      "dependencies": {
        "@iconify-json/logos": "^1.1.22",
        "@intlify/vite-plugin-vue-i18n": "^3.4.0",
        "@mdi/js": "^6.9.96",
        "@types/node": "^17.0.45",
        "@unocss/runtime": "^0.29.6",
        "@vitejs/plugin-vue": "^2.3.4",
        "@vitejs/plugin-vue-jsx": "^1.3.10",
        "@vueuse/core": "^9.6.0",
        "@vueuse/head": "^0.7.13",
        "pinia": "^2.0.28",
        "unocss": "^0.27.6",
        "unplugin-auto-import": "^0.10.3",
        "unplugin-vue-components": "^0.17.21",
        "vite": "^2.9.15",
        "vite-plugin-pages": "^0.21.4",
        "vite-plugin-vue-layouts": "^0.6.0",
        "vite-router": "^1.0.1",
        "vue": "^3.2.45",
        "vue-i18n": "^9.2.2",
        "vue-router": "^4.1.6"
      },
      "devDependencies": {
        "@iconify-json/mdi": "^1.1.37",
        "@iconify/json": "^2.1.152",
        "@tailwindcss/forms": "^0.5.3",
        "@types/nprogress": "^0.2.0",
        "@unocss/preset-icons": "^0.45.30",
        "autoprefixer": "^10.4.13",
        "nprogress": "^0.2.0",
        "postcss": "^8.4.20",
        "postcss-import": "^14.1.0",
        "tailwindcss": "^3.2.4"
      }
    },
    "../../node_modules/.pnpm/registry.npmmirror.com+@iconify-json+logos@1.1.22/node_modules/@iconify-json/logos": {
      "version": "1.1.22",
      "license": "CC0-1.0",
      "dependencies": {
        "@iconify/types": "*"
      }
    },
    "../../node_modules/.pnpm/registry.npmmirror.com+@iconify-json+mdi@1.1.37/node_modules/@iconify-json/mdi": {
      "version": "1.1.37",
      "dev": true,
      "license": "Apache-2.0",
      "dependencies": {
        "@iconify/types": "*"
      }
    },
    "../../node_modules/.pnpm/registry.npmmirror.com+@iconify+json@2.1.152/node_modules/@iconify/json": {
      "version": "2.1.152",
      "dev": true,
      "license": "MIT",
      "dependencies": {
        "@iconify/types": "*",
        "pathe": "^0.3.0"
      },
      "devDependencies": {
        "@types/jest": "^28.1.3",
        "@types/node": "^18.0.0",
        "@typescript-eslint/eslint-plugin": "^5.29.0",
        "cross-env": "^7.0.3",
        "eslint": "^8.18.0",
        "esno": "^0.16.3",
        "jest": "^28.1.1",
        "jest-each": "^28.1.1",
        "ts-jest": "^28.0.5",
        "ts-node": "^10.8.1",
        "tsup": "^6.1.2",
        "typescript": "^4.7.4"
      }
    },
    "../../node_modules/.pnpm/registry.npmmirror.com+@intlify+vite-plugin-vue-i18n@3.4.0_vite@2.9.15+vue-i18n@9.2.2/node_modules/@intlify/vite-plugin-vue-i18n": {
      "version": "3.4.0",
      "license": "MIT",
      "dependencies": {
        "@intlify/bundle-utils": "^2.2.2",
        "@intlify/shared": "^9.1.0",
        "@rollup/pluginutils": "^4.1.0",
        "debug": "^4.3.1",
        "fast-glob": "^3.2.5",
        "source-map": "0.6.1"
      },
      "devDependencies": {},
      "engines": {
        "node": ">= 12"
      },
      "peerDependencies": {
        "petite-vue-i18n": "^9.1.0",
        "vite": "^2.0.0",
        "vue-i18n": "^9.1.0"
      },
      "peerDependenciesMeta": {
        "petite-vue-i18n": {
          "optional": true
        },
        "vue-i18n": {
          "optional": true
        }
      }
    },
    "../../node_modules/.pnpm/registry.npmmirror.com+@mdi+js@6.9.96/node_modules/@mdi/js": {
      "version": "6.9.96",
      "license": "Apache-2.0",
      "devDependencies": {
        "@mdi/svg": "^6.9.96",
        "@mdi/util": "^0.3.2"
      }
    },
    "../../node_modules/.pnpm/registry.npmmirror.com+@tailwindcss+forms@0.5.3_tailwindcss@3.2.4/node_modules/@tailwindcss/forms": {
      "version": "0.5.3",
      "dev": true,
      "license": "MIT",
      "dependencies": {
        "mini-svg-data-uri": "^1.2.3"
      },
      "devDependencies": {
        "autoprefixer": "^10.4.6",
        "concurrently": "^5.3.0",
        "live-server": "^1.2.2",
        "postcss": "^8.4.13",
        "tailwindcss": "^3.0.24"
      },
      "peerDependencies": {
        "tailwindcss": ">=3.0.0 || >= 3.0.0-alpha.1"
      }
    },
    "../../node_modules/.pnpm/registry.npmmirror.com+@types+node@17.0.45/node_modules/@types/node": {
      "version": "17.0.45",
      "license": "MIT"
    },
    "../../node_modules/.pnpm/registry.npmmirror.com+@types+nprogress@0.2.0/node_modules/@types/nprogress": {
      "version": "0.2.0",
      "dev": true,
      "license": "MIT"
    },
    "../../node_modules/.pnpm/registry.npmmirror.com+@unocss+preset-icons@0.45.30/node_modules/@unocss/preset-icons": {
      "version": "0.45.30",
      "dev": true,
      "license": "MIT",
      "dependencies": {
        "@iconify/utils": "^2.0.1",
        "@unocss/core": "0.45.30",
        "ohmyfetch": "^0.4.20"
      },
      "devDependencies": {
        "@iconify/types": "^2.0.0"
      },
      "funding": {
        "url": "https://github.com/sponsors/antfu"
      }
    },
    "../../node_modules/.pnpm/registry.npmmirror.com+@unocss+runtime@0.29.6/node_modules/@unocss/runtime": {
      "version": "0.29.6",
      "license": "MIT",
      "dependencies": {
        "@unocss/core": "0.29.6",
        "@unocss/preset-attributify": "0.29.6",
        "@unocss/preset-uno": "0.29.6"
      },
      "funding": {
        "url": "https://github.com/sponsors/antfu"
      }
    },
    "../../node_modules/.pnpm/registry.npmmirror.com+@vitejs+plugin-vue-jsx@1.3.10/node_modules/@vitejs/plugin-vue-jsx": {
      "version": "1.3.10",
      "license": "MIT",
      "dependencies": {
        "@babel/core": "^7.17.9",
        "@babel/plugin-syntax-import-meta": "^7.10.4",
        "@babel/plugin-transform-typescript": "^7.16.8",
        "@rollup/pluginutils": "^4.2.0",
        "@vue/babel-plugin-jsx": "^1.1.1",
        "hash-sum": "^2.0.0"
      },
      "engines": {
        "node": ">=12.0.0"
      }
    },
    "../../node_modules/.pnpm/registry.npmmirror.com+@vitejs+plugin-vue@2.3.4_vite@2.9.15+vue@3.2.45/node_modules/@vitejs/plugin-vue": {
      "version": "2.3.4",
      "license": "MIT",
      "devDependencies": {
        "@rollup/pluginutils": "^4.2.1",
        "@types/hash-sum": "^1.0.0",
        "debug": "^4.3.4",
        "hash-sum": "^2.0.0",
        "rollup": ">=2.59.0 <2.78.0",
        "slash": "^4.0.0",
        "source-map": "^0.6.1",
        "vue": "^3.2.33"
      },
      "engines": {
        "node": ">=12.0.0"
      },
      "peerDependencies": {
        "vite": "^2.5.10",
        "vue": "^3.2.25"
      }
    },
    "../../node_modules/.pnpm/registry.npmmirror.com+@vueuse+core@9.6.0_vue@3.2.45/node_modules/@vueuse/core": {
      "version": "9.6.0",
      "license": "MIT",
      "dependencies": {
        "@types/web-bluetooth": "^0.0.16",
        "@vueuse/metadata": "9.6.0",
        "@vueuse/shared": "9.6.0",
        "vue-demi": "*"
      },
      "funding": {
        "url": "https://github.com/sponsors/antfu"
      }
    },
    "../../node_modules/.pnpm/registry.npmmirror.com+@vueuse+head@0.7.13_vue@3.2.45/node_modules/@vueuse/head": {
      "version": "0.7.13",
      "license": "MIT",
      "dependencies": {
        "@zhead/schema-vue": "^0.7.3"
      },
      "devDependencies": {
        "@egoist/prettier-config": "^1.0.0",
        "@nuxt/test-utils": "3.0.0-rc.10",
        "@vitejs/plugin-vue": "^3.1.0",
        "@vitejs/plugin-vue-jsx": "^2.0.1",
        "@vue/compiler-sfc": "^3.2.39",
        "@vue/server-renderer": "^3.2.39",
        "cheerio": "1.0.0-rc.12",
        "execa": "^6.1.0",
        "get-port-please": "^2.6.1",
        "jsdom": "^20.0.0",
        "kanpai": "^0.11.0",
        "lint-staged": "^13.0.3",
        "mlly": "^0.5.14",
        "nuxt": "3.0.0-rc.10",
        "pathe": "^0.3.7",
        "playwright": "^1.25.2",
        "prettier": "^2.7.1",
        "simple-git-hooks": "^2.8.0",
        "tsup": "^6.2.3",
        "typescript": "^4.8.3",
        "vite": "^3.1.2",
        "vitest": "^0.23.4",
        "vue": "^3.2.39",
        "vue-router": "^4.1.5"
      },
      "peerDependencies": {
        "vue": ">=2.7 || >=3"
      }
    },
    "../../node_modules/.pnpm/registry.npmmirror.com+autoprefixer@10.4.13_postcss@8.4.20/node_modules/autoprefixer": {
      "version": "10.4.13",
      "dev": true,
      "funding": [
        {
          "type": "opencollective",
          "url": "https://opencollective.com/postcss/"
        },
        {
          "type": "tidelift",
          "url": "https://tidelift.com/funding/github/npm/autoprefixer"
        }
      ],
      "license": "MIT",
      "dependencies": {
        "browserslist": "^4.21.4",
        "caniuse-lite": "^1.0.30001426",
        "fraction.js": "^4.2.0",
        "normalize-range": "^0.1.2",
        "picocolors": "^1.0.0",
        "postcss-value-parser": "^4.2.0"
      },
      "bin": {
        "autoprefixer": "bin/autoprefixer"
      },
      "engines": {
        "node": "^10 || ^12 || >=14"
      },
      "peerDependencies": {
        "postcss": "^8.1.0"
      }
    },
    "../../node_modules/.pnpm/registry.npmmirror.com+nprogress@0.2.0/node_modules/nprogress": {
      "version": "0.2.0",
      "dev": true,
      "license": "MIT",
      "devDependencies": {
        "chai": "~1.6.1",
        "jquery": "^2.1.1",
        "jsdom": "^5.4.1",
        "mocha": "^2.2.4",
        "mocha-jsdom": "^0.3.0"
      }
    },
    "../../node_modules/.pnpm/registry.npmmirror.com+pinia@2.0.28_vue@3.2.45/node_modules/pinia": {
      "version": "2.0.28",
      "license": "MIT",
      "dependencies": {
        "@vue/devtools-api": "^6.4.5",
        "vue-demi": "*"
      },
      "devDependencies": {
        "@microsoft/api-extractor": "7.33.6",
        "@vue/test-utils": "^2.2.6"
      },
      "funding": {
        "url": "https://github.com/sponsors/posva"
      },
      "peerDependencies": {
        "@vue/composition-api": "^1.4.0",
        "typescript": ">=4.4.4",
        "vue": "^2.6.14 || ^3.2.0"
      },
      "peerDependenciesMeta": {
        "@vue/composition-api": {
          "optional": true
        },
        "typescript": {
          "optional": true
        }
      }
    },
    "../../node_modules/.pnpm/registry.npmmirror.com+postcss-import@14.1.0_postcss@8.4.20/node_modules/postcss-import": {
      "version": "14.1.0",
      "dev": true,
      "license": "MIT",
      "dependencies": {
        "postcss-value-parser": "^4.0.0",
        "read-cache": "^1.0.0",
        "resolve": "^1.1.7"
      },
      "devDependencies": {
        "ava": "^3.0.0",
        "eslint": "^7.0.0",
        "eslint-config-problems": "^5.0.0",
        "eslint-plugin-prettier": "^4.0.0",
        "postcss": "^8.0.0",
        "postcss-scss": "^4.0.0",
        "prettier": "~2.6.0",
        "sugarss": "^4.0.0"
      },
      "engines": {
        "node": ">=10.0.0"
      },
      "peerDependencies": {
        "postcss": "^8.0.0"
      }
    },
    "../../node_modules/.pnpm/registry.npmmirror.com+postcss@8.4.20/node_modules/postcss": {
      "version": "8.4.20",
      "dev": true,
      "funding": [
        {
          "type": "opencollective",
          "url": "https://opencollective.com/postcss/"
        },
        {
          "type": "tidelift",
          "url": "https://tidelift.com/funding/github/npm/postcss"
        }
      ],
      "license": "MIT",
      "dependencies": {
        "nanoid": "^3.3.4",
        "picocolors": "^1.0.0",
        "source-map-js": "^1.0.2"
      },
      "engines": {
        "node": "^10 || ^12 || >=14"
      }
    },
    "../../node_modules/.pnpm/registry.npmmirror.com+tailwindcss@3.2.4_postcss@8.4.20/node_modules/tailwindcss": {
      "version": "3.2.4",
      "dev": true,
      "license": "MIT",
      "dependencies": {
        "arg": "^5.0.2",
        "chokidar": "^3.5.3",
        "color-name": "^1.1.4",
        "detective": "^5.2.1",
        "didyoumean": "^1.2.2",
        "dlv": "^1.1.3",
        "fast-glob": "^3.2.12",
        "glob-parent": "^6.0.2",
        "is-glob": "^4.0.3",
        "lilconfig": "^2.0.6",
        "micromatch": "^4.0.5",
        "normalize-path": "^3.0.0",
        "object-hash": "^3.0.0",
        "picocolors": "^1.0.0",
        "postcss": "^8.4.18",
        "postcss-import": "^14.1.0",
        "postcss-js": "^4.0.0",
        "postcss-load-config": "^3.1.4",
        "postcss-nested": "6.0.0",
        "postcss-selector-parser": "^6.0.10",
        "postcss-value-parser": "^4.2.0",
        "quick-lru": "^5.1.1",
        "resolve": "^1.22.1"
      },
      "bin": {
        "tailwind": "lib/cli.js",
        "tailwindcss": "lib/cli.js"
      },
      "devDependencies": {
        "@swc/cli": "^0.1.57",
        "@swc/core": "^1.3.11",
        "@swc/jest": "^0.2.23",
        "@swc/register": "^0.1.10",
        "autoprefixer": "^10.4.13",
        "cssnano": "^5.1.14",
        "esbuild": "^0.15.12",
        "eslint": "^8.26.0",
        "eslint-config-prettier": "^8.5.0",
        "eslint-plugin-prettier": "^4.2.1",
        "jest": "^28.1.3",
        "jest-diff": "^28.1.3",
        "prettier": "^2.7.1",
        "rimraf": "^3.0.0",
        "source-map-js": "^1.0.2"
      },
      "engines": {
        "node": ">=12.13.0"
      },
      "peerDependencies": {
        "postcss": "^8.0.9"
      }
    },
    "../../node_modules/.pnpm/registry.npmmirror.com+unocss@0.27.6/node_modules/unocss": {
      "version": "0.27.6",
      "license": "MIT",
      "dependencies": {
        "@unocss/cli": "0.27.6",
        "@unocss/core": "0.27.6",
        "@unocss/preset-attributify": "0.27.6",
        "@unocss/preset-icons": "0.27.6",
        "@unocss/preset-mini": "0.27.6",
        "@unocss/preset-typography": "0.27.6",
        "@unocss/preset-uno": "0.27.6",
        "@unocss/preset-web-fonts": "0.27.6",
        "@unocss/preset-wind": "0.27.6",
        "@unocss/reset": "0.27.6",
        "@unocss/transformer-directives": "0.27.6",
        "@unocss/transformer-variant-group": "0.27.6",
        "@unocss/vite": "0.27.6"
      },
      "engines": {
        "node": ">=14"
      },
      "funding": {
        "url": "https://github.com/sponsors/antfu"
      }
    },
    "../../node_modules/.pnpm/registry.npmmirror.com+unplugin-auto-import@0.10.3_xbmdkanscfjoi4rlzcxf6weili/node_modules/unplugin-auto-import": {
      "version": "0.10.3",
      "license": "MIT",
      "dependencies": {
        "@antfu/utils": "^0.5.2",
        "@rollup/pluginutils": "^4.2.1",
        "local-pkg": "^0.4.2",
        "magic-string": "^0.26.2",
        "unimport": "^0.6.4",
        "unplugin": "^0.8.0"
      },
      "devDependencies": {
        "@antfu/eslint-config": "^0.25.2",
        "@antfu/ni": "^0.17.2",
        "@types/node": "^18.6.1",
        "@types/resolve": "^1.20.2",
        "@vueuse/metadata": "^9.0.0",
        "bumpp": "^8.2.1",
        "eslint": "^8.20.0",
        "esno": "^0.16.3",
        "fast-glob": "^3.2.11",
        "rollup": "^2.77.2",
        "tsup": "^6.2.0",
        "typescript": "^4.7.4",
        "vite": "^3.0.3",
        "vitest": "^0.19.1",
        "webpack": "^5.74.0"
      },
      "engines": {
        "node": ">=14"
      },
      "funding": {
        "url": "https://github.com/sponsors/antfu"
      },
      "peerDependencies": {
        "@vueuse/core": "*"
      },
      "peerDependenciesMeta": {
        "@vueuse/core": {
          "optional": true
        }
      }
    },
    "../../node_modules/.pnpm/registry.npmmirror.com+unplugin-vue-components@0.17.21_vite@2.9.15+vue@3.2.45/node_modules/unplugin-vue-components": {
      "version": "0.17.21",
      "license": "MIT",
      "dependencies": {
        "@antfu/utils": "^0.4.0",
        "@rollup/pluginutils": "^4.1.2",
        "chokidar": "^3.5.2",
        "debug": "^4.3.3",
        "fast-glob": "^3.2.11",
        "local-pkg": "^0.4.1",
        "magic-string": "^0.25.7",
        "minimatch": "^3.0.4",
        "resolve": "^1.21.0",
        "unplugin": "^0.3.0"
      },
      "devDependencies": {
        "@antfu/eslint-config": "^0.16.0",
        "@babel/parser": "^7.16.8",
        "@babel/traverse": "^7.16.8",
        "@babel/types": "^7.16.8",
        "@types/debug": "^4.1.7",
        "@types/minimatch": "^3.0.5",
        "@types/node": "^17.0.8",
        "@types/resolve": "^1.20.1",
        "@typescript-eslint/eslint-plugin": "^5.9.1",
        "bumpp": "^7.1.1",
        "compare-versions": "^4.1.3",
        "element-plus": "^1.1.0-beta.24",
        "eslint": "^8.7.0",
        "esno": "^0.14.0",
        "rollup": "^2.64.0",
        "tsup": "5.7.4",
        "typescript": "^4.5.4",
        "vite": "^2.7.12",
        "vitest": "^0.1.17",
        "vue": "3.2.26"
      },
      "engines": {
        "node": ">=14"
      },
      "funding": {
        "url": "https://github.com/sponsors/antfu"
      },
      "peerDependencies": {
        "@babel/parser": "^7.15.8",
        "@babel/traverse": "^7.15.4",
        "vue": "2 || 3"
      },
      "peerDependenciesMeta": {
        "@babel/parser": {
          "optional": true
        },
        "@babel/traverse": {
          "optional": true
        }
      }
    },
    "../../node_modules/.pnpm/registry.npmmirror.com+vite-plugin-pages@0.21.4_vite@2.9.15/node_modules/vite-plugin-pages": {
      "version": "0.21.4",
      "license": "MIT",
      "dependencies": {
        "debug": "^4.3.3",
        "deep-equal": "^2.0.5",
        "fast-glob": "^3.2.11",
        "json5": "^2.2.0",
        "local-pkg": "^0.4.1",
        "picocolors": "^1.0.0",
        "yaml": "^2.0.0-10"
      },
      "devDependencies": {
        "@antfu/utils": "^0.5.0",
        "@hannoeru/eslint-config": "^0.6.0",
        "@types/debug": "^4.1.7",
        "@types/deep-equal": "^1.0.1",
        "@types/glob-to-regexp": "^0.4.1",
        "@types/node": "^17.0.21",
        "@vitest/ui": "^0.5.8",
        "@vue/compiler-sfc": "^3.2.31",
        "bumpp": "^7.1.1",
        "cross-env": "^7.0.3",
        "eslint": "^8.10.0",
        "esno": "^0.14.1",
        "playwright": "^1.19.2",
        "react-router": "^6.2.1",
        "solid-app-router": "^0.3.0",
        "tsup": "^5.11.13",
        "typescript": "^4.5.5",
        "vite": "^2.8.4",
        "vitest": "^0.5.8",
        "vue-router": "^4.0.12"
      },
      "peerDependencies": {
        "@vue/compiler-sfc": ">=3",
        "vite": ">=2"
      },
      "peerDependenciesMeta": {
        "@vue/compiler-sfc": {
          "optional": true
        }
      }
    },
    "../../node_modules/.pnpm/registry.npmmirror.com+vite-plugin-vue-layouts@0.6.0_t2n4ylcd3qv6ffis2sifdiddkq/node_modules/vite-plugin-vue-layouts": {
      "version": "0.6.0",
      "license": "MIT",
      "dependencies": {
        "@vue/compiler-sfc": "^3.2.4",
        "debug": "^4.3.2",
        "fast-glob": "^3.2.7"
      },
      "devDependencies": {
        "@antfu/eslint-config": "^0.7.0",
        "@types/debug": "^4.1.7",
        "@types/node": "^16.6.2",
        "@typescript-eslint/eslint-plugin": "^4.29.2",
        "eslint": "^7.32.0",
        "rollup": "^2.56.2",
        "tsup": "^4.14.0",
        "typescript": "^4.3.5",
        "vite": "^2.5.0",
        "vue": "^3.2.4",
        "vue-router": "^4.0.11"
      },
      "peerDependencies": {
        "vite": "^2.5.0",
        "vue": "^2.6.12 || ^3.2.4",
        "vue-router": "^3.5.1 || ^ 4.0.11"
      }
    },
    "../../node_modules/.pnpm/registry.npmmirror.com+vite-router@1.0.1_vite@2.9.15/node_modules/vite-router": {
      "version": "1.0.1",
      "license": "MIT",
      "dependencies": {
        "debug": "^4.3.3",
        "deep-equal": "^2.0.5",
        "local-pkg": "^0.4.0"
      },
      "devDependencies": {
        "@antfu/utils": "^0.3.0",
        "@types/debug": "^4.1.7",
        "@types/deep-equal": "^1.0.1",
        "@types/node": "^16.11.12",
        "@vue/compiler-sfc": "^3.2.24",
        "cross-env": "^7.0.3",
        "tsup": "^5.10.3",
        "typescript": "^4.5.3",
        "vite": "^2.7.1",
        "vue-router": "^3.5.3"
      },
      "peerDependencies": {
        "@vue/compiler-sfc": ">=3",
        "vite": ">=2"
      },
      "peerDependenciesMeta": {
        "@vue/compiler-sfc": {
          "optional": true
        }
      }
    },
    "../../node_modules/.pnpm/registry.npmmirror.com+vite@2.9.15/node_modules/vite": {
      "version": "2.9.15",
      "license": "MIT",
      "dependencies": {
        "esbuild": "^0.14.27",
        "postcss": "^8.4.13",
        "resolve": "^1.22.0",
        "rollup": ">=2.59.0 <2.78.0"
      },
      "bin": {
        "vite": "bin/vite.js"
      },
      "devDependencies": {
        "@ampproject/remapping": "^2.2.0",
        "@babel/parser": "^7.17.10",
        "@babel/types": "^7.17.10",
        "@jridgewell/trace-mapping": "^0.3.9",
        "@rollup/plugin-alias": "^3.1.9",
        "@rollup/plugin-commonjs": "^21.1.0",
        "@rollup/plugin-dynamic-import-vars": "^1.4.3",
        "@rollup/plugin-json": "^4.1.0",
        "@rollup/plugin-node-resolve": "13.2.1",
        "@rollup/plugin-typescript": "^8.3.2",
        "@rollup/pluginutils": "^4.2.1",
        "@types/convert-source-map": "^1.5.2",
        "@types/cross-spawn": "^6.0.2",
        "@types/debug": "^4.1.7",
        "@types/estree": "^0.0.51",
        "@types/etag": "^1.8.1",
        "@types/less": "^3.0.3",
        "@types/micromatch": "^4.0.2",
        "@types/mime": "^2.0.3",
        "@types/node": "^17.0.25",
        "@types/resolve": "^1.20.2",
        "@types/sass": "~1.43.1",
        "@types/stylus": "^0.48.37",
        "@types/ws": "^8.5.3",
        "@vue/compiler-dom": "^3.2.33",
        "acorn": "^8.7.1",
        "cac": "6.7.9",
        "chokidar": "^3.5.3",
        "connect": "^3.7.0",
        "connect-history-api-fallback": "^1.6.0",
        "convert-source-map": "^1.8.0",
        "cors": "^2.8.5",
        "cross-spawn": "^7.0.3",
        "debug": "^4.3.4",
        "dotenv": "^14.3.2",
        "dotenv-expand": "^5.1.0",
        "es-module-lexer": "^0.10.5",
        "estree-walker": "^2.0.2",
        "etag": "^1.8.1",
        "fast-glob": "^3.2.11",
        "http-proxy": "^1.18.1",
        "json5": "^2.2.1",
        "launch-editor-middleware": "^2.3.0",
        "magic-string": "^0.26.1",
        "micromatch": "^4.0.5",
        "mrmime": "^1.0.0",
        "node-forge": "^1.3.1",
        "okie": "^1.0.1",
        "open": "^8.4.0",
        "periscopic": "^2.0.3",
        "picocolors": "^1.0.0",
        "postcss-import": "^14.1.0",
        "postcss-load-config": "^3.1.4",
        "postcss-modules": "^4.3.1",
        "resolve.exports": "^1.1.0",
        "rollup-plugin-license": "^2.7.0",
        "sirv": "^2.0.2",
        "source-map-js": "^1.0.2",
        "source-map-support": "^0.5.21",
        "strip-ansi": "^6.0.1",
        "strip-literal": "^0.2.0",
        "terser": "^5.13.1",
        "tsconfck": "^1.2.2",
        "tslib": "^2.4.0",
        "types": "link:./types",
        "ws": "^8.6.0"
      },
      "engines": {
        "node": ">=12.2.0"
      },
      "optionalDependencies": {
        "fsevents": "~2.3.2"
      },
      "peerDependencies": {
        "less": "*",
        "sass": "*",
        "stylus": "*"
      },
      "peerDependenciesMeta": {
        "less": {
          "optional": true
        },
        "sass": {
          "optional": true
        },
        "stylus": {
          "optional": true
        }
      }
    },
    "../../node_modules/.pnpm/registry.npmmirror.com+vue-i18n@9.2.2_vue@3.2.45/node_modules/vue-i18n": {
      "version": "9.2.2",
      "license": "MIT",
      "dependencies": {
        "@intlify/core-base": "9.2.2",
        "@intlify/shared": "9.2.2",
        "@intlify/vue-devtools": "9.2.2",
        "@vue/devtools-api": "^6.2.1"
      },
      "devDependencies": {
        "@intlify/devtools-if": "9.2.2"
      },
      "engines": {
        "node": ">= 14"
      },
      "peerDependencies": {
        "vue": "^3.0.0"
      }
    },
    "../../node_modules/.pnpm/registry.npmmirror.com+vue-router@4.1.6_vue@3.2.45/node_modules/vue-router": {
      "version": "4.1.6",
      "license": "MIT",
      "dependencies": {
        "@vue/devtools-api": "^6.4.5"
      },
      "devDependencies": {
        "@microsoft/api-extractor": "^7.29.2",
        "@rollup/plugin-alias": "^3.1.4",
        "@rollup/plugin-commonjs": "^22.0.2",
        "@rollup/plugin-node-resolve": "^13.0.5",
        "@rollup/plugin-replace": "^4.0.0",
        "@sucrase/jest-plugin": "^2.1.1",
        "@types/jest": "^27.4.1",
        "@types/jsdom": "^16.2.13",
        "@types/nightwatch": "^2.3.12",
        "@vitejs/plugin-vue": "^2.3.3",
        "@vue/compiler-sfc": "^3.2.41",
        "@vue/server-renderer": "^3.2.41",
        "@vue/test-utils": "^2.2.0",
        "browserstack-local": "^1.4.5",
        "chromedriver": "^106.0.1",
        "connect-history-api-fallback": "^1.6.0",
        "conventional-changelog-cli": "^2.1.1",
        "dotenv": "^16.0.3",
        "faked-promise": "^2.2.2",
        "geckodriver": "^3.2.0",
        "jest": "^27.5.1",
        "jest-mock-warn": "^1.1.0",
        "nightwatch": "^2.4.1",
        "nightwatch-helpers": "^1.2.0",
        "rimraf": "^3.0.2",
        "rollup": "^2.78.0",
        "rollup-plugin-analyzer": "^4.0.0",
        "rollup-plugin-terser": "^7.0.2",
        "rollup-plugin-typescript2": "^0.32.1",
        "typescript": "~4.7.4",
        "vite": "^3.1.8",
        "vue": "^3.2.41"
      },
      "funding": {
        "url": "https://github.com/sponsors/posva"
      },
      "peerDependencies": {
        "vue": "^3.2.0"
      }
    },
    "../../node_modules/.pnpm/registry.npmmirror.com+vue@3.2.45/node_modules/vue": {
      "version": "3.2.45",
      "license": "MIT",
      "dependencies": {
        "@vue/compiler-dom": "3.2.45",
        "@vue/compiler-sfc": "3.2.45",
        "@vue/runtime-dom": "3.2.45",
        "@vue/server-renderer": "3.2.45",
        "@vue/shared": "3.2.45"
      }
    },
    "node_modules/@iconify-json/logos": {
      "resolved": "../../node_modules/.pnpm/registry.npmmirror.com+@iconify-json+logos@1.1.22/node_modules/@iconify-json/logos",
      "link": true
    },
    "node_modules/@iconify-json/mdi": {
      "resolved": "../../node_modules/.pnpm/registry.npmmirror.com+@iconify-json+mdi@1.1.37/node_modules/@iconify-json/mdi",
      "link": true
    },
    "node_modules/@iconify/json": {
      "resolved": "../../node_modules/.pnpm/registry.npmmirror.com+@iconify+json@2.1.152/node_modules/@iconify/json",
      "link": true
    },
    "node_modules/@intlify/vite-plugin-vue-i18n": {
      "resolved": "../../node_modules/.pnpm/registry.npmmirror.com+@intlify+vite-plugin-vue-i18n@3.4.0_vite@2.9.15+vue-i18n@9.2.2/node_modules/@intlify/vite-plugin-vue-i18n",
      "link": true
    },
    "node_modules/@mdi/js": {
      "resolved": "../../node_modules/.pnpm/registry.npmmirror.com+@mdi+js@6.9.96/node_modules/@mdi/js",
      "link": true
    },
    "node_modules/@tailwindcss/forms": {
      "resolved": "../../node_modules/.pnpm/registry.npmmirror.com+@tailwindcss+forms@0.5.3_tailwindcss@3.2.4/node_modules/@tailwindcss/forms",
      "link": true
    },
    "node_modules/@types/node": {
      "resolved": "../../node_modules/.pnpm/registry.npmmirror.com+@types+node@17.0.45/node_modules/@types/node",
      "link": true
    },
    "node_modules/@types/nprogress": {
      "resolved": "../../node_modules/.pnpm/registry.npmmirror.com+@types+nprogress@0.2.0/node_modules/@types/nprogress",
      "link": true
    },
    "node_modules/@unocss/preset-icons": {
      "resolved": "../../node_modules/.pnpm/registry.npmmirror.com+@unocss+preset-icons@0.45.30/node_modules/@unocss/preset-icons",
      "link": true
    },
    "node_modules/@unocss/runtime": {
      "resolved": "../../node_modules/.pnpm/registry.npmmirror.com+@unocss+runtime@0.29.6/node_modules/@unocss/runtime",
      "link": true
    },
    "node_modules/@vitejs/plugin-vue": {
      "resolved": "../../node_modules/.pnpm/registry.npmmirror.com+@vitejs+plugin-vue@2.3.4_vite@2.9.15+vue@3.2.45/node_modules/@vitejs/plugin-vue",
      "link": true
    },
    "node_modules/@vitejs/plugin-vue-jsx": {
      "resolved": "../../node_modules/.pnpm/registry.npmmirror.com+@vitejs+plugin-vue-jsx@1.3.10/node_modules/@vitejs/plugin-vue-jsx",
      "link": true
    },
    "node_modules/@vueuse/core": {
      "resolved": "../../node_modules/.pnpm/registry.npmmirror.com+@vueuse+core@9.6.0_vue@3.2.45/node_modules/@vueuse/core",
      "link": true
    },
    "node_modules/@vueuse/head": {
      "resolved": "../../node_modules/.pnpm/registry.npmmirror.com+@vueuse+head@0.7.13_vue@3.2.45/node_modules/@vueuse/head",
      "link": true
    },
    "node_modules/autoprefixer": {
      "resolved": "../../node_modules/.pnpm/registry.npmmirror.com+autoprefixer@10.4.13_postcss@8.4.20/node_modules/autoprefixer",
      "link": true
    },
    "node_modules/nprogress": {
      "resolved": "../../node_modules/.pnpm/registry.npmmirror.com+nprogress@0.2.0/node_modules/nprogress",
      "link": true
    },
    "node_modules/pinia": {
      "resolved": "../../node_modules/.pnpm/registry.npmmirror.com+pinia@2.0.28_vue@3.2.45/node_modules/pinia",
      "link": true
    },
    "node_modules/postcss": {
      "resolved": "../../node_modules/.pnpm/registry.npmmirror.com+postcss@8.4.20/node_modules/postcss",
      "link": true
    },
    "node_modules/postcss-import": {
      "resolved": "../../node_modules/.pnpm/registry.npmmirror.com+postcss-import@14.1.0_postcss@8.4.20/node_modules/postcss-import",
      "link": true
    },
    "node_modules/tailwindcss": {
      "resolved": "../../node_modules/.pnpm/registry.npmmirror.com+tailwindcss@3.2.4_postcss@8.4.20/node_modules/tailwindcss",
      "link": true
    },
    "node_modules/unocss": {
      "resolved": "../../node_modules/.pnpm/registry.npmmirror.com+unocss@0.27.6/node_modules/unocss",
      "link": true
    },
    "node_modules/unplugin-auto-import": {
      "resolved": "../../node_modules/.pnpm/registry.npmmirror.com+unplugin-auto-import@0.10.3_xbmdkanscfjoi4rlzcxf6weili/node_modules/unplugin-auto-import",
      "link": true
    },
    "node_modules/unplugin-vue-components": {
      "resolved": "../../node_modules/.pnpm/registry.npmmirror.com+unplugin-vue-components@0.17.21_vite@2.9.15+vue@3.2.45/node_modules/unplugin-vue-components",
      "link": true
    },
    "node_modules/vite": {
      "resolved": "../../node_modules/.pnpm/registry.npmmirror.com+vite@2.9.15/node_modules/vite",
      "link": true
    },
    "node_modules/vite-plugin-pages": {
      "resolved": "../../node_modules/.pnpm/registry.npmmirror.com+vite-plugin-pages@0.21.4_vite@2.9.15/node_modules/vite-plugin-pages",
      "link": true
    },
    "node_modules/vite-plugin-vue-layouts": {
      "resolved": "../../node_modules/.pnpm/registry.npmmirror.com+vite-plugin-vue-layouts@0.6.0_t2n4ylcd3qv6ffis2sifdiddkq/node_modules/vite-plugin-vue-layouts",
      "link": true
    },
    "node_modules/vite-router": {
      "resolved": "../../node_modules/.pnpm/registry.npmmirror.com+vite-router@1.0.1_vite@2.9.15/node_modules/vite-router",
      "link": true
    },
    "node_modules/vue": {
      "resolved": "../../node_modules/.pnpm/registry.npmmirror.com+vue@3.2.45/node_modules/vue",
      "link": true
    },
    "node_modules/vue-i18n": {
      "resolved": "../../node_modules/.pnpm/registry.npmmirror.com+vue-i18n@9.2.2_vue@3.2.45/node_modules/vue-i18n",
      "link": true
    },
    "node_modules/vue-router": {
      "resolved": "../../node_modules/.pnpm/registry.npmmirror.com+vue-router@4.1.6_vue@3.2.45/node_modules/vue-router",
      "link": true
    }
  }
}
